
Microsoft Visual Studio Solution File, Format Version 12.00
# Visual Studio Version 17
VisualStudioVersion = 17.11.35312.102
MinimumVisualStudioVersion = 10.0.40219.1
Project("{FAE04EC0-301F-11D3-BF4B-00C04F79EFBC}") = "StudentManagementAPI", "StudentManagementAPI\StudentManagementAPI.csproj", "{DF4B84C6-6609-4526-B534-507C70FFBB5C}"
EndProject
Global
	GlobalSection(SolutionConfigurationPlatforms) = preSolution
		Debug|Any CPU = Debug|Any CPU
		Release|Any CPU = Release|Any CPU
	EndGlobalSection
	GlobalSection(ProjectConfigurationPlatforms) = postSolution
		{DF4B84C6-6609-4526-B534-507C70FFBB5C}.Debug|Any CPU.ActiveCfg = Debug|Any CPU
		{DF4B84C6-6609-4526-B534-507C70FFBB5C}.Debug|Any CPU.Build.0 = Debug|Any CPU
		{DF4B84C6-6609-4526-B534-507C70FFBB5C}.Release|Any CPU.ActiveCfg = Release|Any CPU
		{DF4B84C6-6609-4526-B534-507C70FFBB5C}.Release|Any CPU.Build.0 = Release|Any CPU
	EndGlobalSection
	GlobalSection(SolutionProperties) = preSolution
		HideSolutionNode = FALSE
	EndGlobalSection
	GlobalSection(ExtensibilityGlobals) = postSolution
		SolutionGuid = {8BDB3A1C-98E2-4974-A56C-C99E9B922B39}
	EndGlobalSection
EndGlobal
